
Microsoft Visual Studio Solution File, Format Version 12.00
# Visual Studio 2013
VisualStudioVersion = 12.0.30501.0
MinimumVisualStudioVersion = 10.0.40219.1
Project("{FAE04EC0-301F-11D3-BF4B-00C04F79EFBC}") = "Razor.Datatables.Web", "Razor.Datatables.Web\Razor.Datatables.Web.csproj", "{EAFB5768-7006-4495-9CE3-B6736EAC03AD}"
EndProject
Project("{FAE04EC0-301F-11D3-BF4B-00C04F79EFBC}") = "Razor.Datatables.Data", "Razor.Datatables.Data\Razor.Datatables.Data.csproj", "{9F8CA7CD-BED8-4336-A995-782B8DDD0ED8}"
EndProject
Global
	GlobalSection(SolutionConfigurationPlatforms) = preSolution
		Debug|Any CPU = Debug|Any CPU
		Release|Any CPU = Release|Any CPU
	EndGlobalSection
	GlobalSection(ProjectConfigurationPlatforms) = postSolution
		{EAFB5768-7006-4495-9CE3-B6736EAC03AD}.Debug|Any CPU.ActiveCfg = Debug|Any CPU
		{EAFB5768-7006-4495-9CE3-B6736EAC03AD}.Debug|Any CPU.Build.0 = Debug|Any CPU
		{EAFB5768-7006-4495-9CE3-B6736EAC03AD}.Release|Any CPU.ActiveCfg = Release|Any CPU
		{EAFB5768-7006-4495-9CE3-B6736EAC03AD}.Release|Any CPU.Build.0 = Release|Any CPU
		{9F8CA7CD-BED8-4336-A995-782B8DDD0ED8}.Debug|Any CPU.ActiveCfg = Debug|Any CPU
		{9F8CA7CD-BED8-4336-A995-782B8DDD0ED8}.Debug|Any CPU.Build.0 = Debug|Any CPU
		{9F8CA7CD-BED8-4336-A995-782B8DDD0ED8}.Release|Any CPU.ActiveCfg = Release|Any CPU
		{9F8CA7CD-BED8-4336-A995-782B8DDD0ED8}.Release|Any CPU.Build.0 = Release|Any CPU
	EndGlobalSection
	GlobalSection(SolutionProperties) = preSolution
		HideSolutionNode = FALSE
	EndGlobalSection
EndGlobal
